
Microsoft Visual Studio Solution File, Format Version 12.00
# Visual Studio Version 16
VisualStudioVersion = 16.0.31613.86
MinimumVisualStudioVersion = 10.0.40219.1
Project("{FAE04EC0-301F-11D3-BF4B-00C04F79EFBC}") = "WebApplication2", "WebApplication2.csproj", "{917135B5-0ECF-4B5B-9422-749244C23A45}"
EndProject
Global
	GlobalSection(SolutionConfigurationPlatforms) = preSolution
		Debug|Any CPU = Debug|Any CPU
		Release|Any CPU = Release|Any CPU
	EndGlobalSection
	GlobalSection(ProjectConfigurationPlatforms) = postSolution
		{917135B5-0ECF-4B5B-9422-749244C23A45}.Debug|Any CPU.ActiveCfg = Debug|Any CPU
		{917135B5-0ECF-4B5B-9422-749244C23A45}.Debug|Any CPU.Build.0 = Debug|Any CPU
		{917135B5-0ECF-4B5B-9422-749244C23A45}.Release|Any CPU.ActiveCfg = Release|Any CPU
		{917135B5-0ECF-4B5B-9422-749244C23A45}.Release|Any CPU.Build.0 = Release|Any CPU
	EndGlobalSection
	GlobalSection(SolutionProperties) = preSolution
		HideSolutionNode = FALSE
	EndGlobalSection
	GlobalSection(ExtensibilityGlobals) = postSolution
		SolutionGuid = {C99447F7-0002-461B-BC7A-8040B61DE04C}
	EndGlobalSection
EndGlobal
